PODS:
  - Alamofire (4.5.0)
  - CocoaLumberjack/Default (3.1.0)
  - CocoaLumberjack/Swift (3.1.0):
    - CocoaLumberjack/Default
  - RxSwift (4.0.0-alpha.0)

DEPENDENCIES:
  - Alamofire (= 4.5.0)
  - CocoaLumberjack/Swift (= 3.1.0)
  - RxSwift (from `https://github.com/ReactiveX/RxSwift.git`, tag `4.0.0-alpha.0`)

EXTERNAL SOURCES:
  RxSwift:
    :git: https://github.com/ReactiveX/RxSwift.git
    :tag: 4.0.0-alpha.0

CHECKOUT OPTIONS:
  RxSwift:
    :git: https://github.com/ReactiveX/RxSwift.git
    :tag: 4.0.0-alpha.0

SPEC CHECKSUMS:
  Alamofire: f28cdffd29de33a7bfa022cbd63ae95a27fae140
  CocoaLumberjack: 8311463ddf9ee86a06ef92a071dd656c89244500
  RxSwift: 6946957e4e99243ea7c9bba38afa06b1363b0048

PODFILE CHECKSUM: ebfa52a02e692e8650c57bb0f402811e338c2713

COCOAPODS: 1.2.1
